
Microsoft Visual Studio Solution File, Format Version 12.00
# Visual Studio Version 17
VisualStudioVersion = 17.1.32210.238
MinimumVisualStudioVersion = 10.0.40219.1
Project("{9A19103F-16F7-4668-BE54-9A1E7A4F7556}") = "RetailCustomerBonusCalculator", "RetailCustomerBonusCalculator.csproj", "{F16F49A0-3715-46CF-B5D8-91703B7C56FE}"
EndProject
Project("{E53339B2-1760-4266-BCC7-CA923CBCF16C}") = "docker-compose", "docker-compose.dcproj", "{09DCBB2C-E8EC-4052-ACE5-7D9EFEFD6454}"
EndProject
Project("{9A19103F-16F7-4668-BE54-9A1E7A4F7556}") = "RetailCustomerBonusCalculator.UnitTests", "..\RetailCustomerBonusCalculator.UnitTests\RetailCustomerBonusCalculator.UnitTests.csproj", "{2A3C5F67-9376-4B50-B060-F2E027D95B19}"
EndProject
Project("{9A19103F-16F7-4668-BE54-9A1E7A4F7556}") = "BusinessService", "..\BusinessService\BusinessService.csproj", "{58E62F53-FAD5-4A00-8C73-9CD9106F994F}"
EndProject
Project("{9A19103F-16F7-4668-BE54-9A1E7A4F7556}") = "DataAccessLayerService", "..\DataAccessLayerService\DataAccessLayerService.csproj", "{BB8D093C-2039-41E0-A73E-5E6971CCBA39}"
EndProject
Global
	GlobalSection(SolutionConfigurationPlatforms) = preSolution
		Debug|Any CPU = Debug|Any CPU
		Release|Any CPU = Release|Any CPU
	EndGlobalSection
	GlobalSection(ProjectConfigurationPlatforms) = postSolution
		{F16F49A0-3715-46CF-B5D8-91703B7C56FE}.Debug|Any CPU.ActiveCfg = Debug|Any CPU
		{F16F49A0-3715-46CF-B5D8-91703B7C56FE}.Debug|Any CPU.Build.0 = Debug|Any CPU
		{F16F49A0-3715-46CF-B5D8-91703B7C56FE}.Release|Any CPU.ActiveCfg = Release|Any CPU
		{F16F49A0-3715-46CF-B5D8-91703B7C56FE}.Release|Any CPU.Build.0 = Release|Any CPU
		{09DCBB2C-E8EC-4052-ACE5-7D9EFEFD6454}.Debug|Any CPU.ActiveCfg = Debug|Any CPU
		{09DCBB2C-E8EC-4052-ACE5-7D9EFEFD6454}.Debug|Any CPU.Build.0 = Debug|Any CPU
		{09DCBB2C-E8EC-4052-ACE5-7D9EFEFD6454}.Release|Any CPU.ActiveCfg = Release|Any CPU
		{09DCBB2C-E8EC-4052-ACE5-7D9EFEFD6454}.Release|Any CPU.Build.0 = Release|Any CPU
		{2A3C5F67-9376-4B50-B060-F2E027D95B19}.Debug|Any CPU.ActiveCfg = Debug|Any CPU
		{2A3C5F67-9376-4B50-B060-F2E027D95B19}.Debug|Any CPU.Build.0 = Debug|Any CPU
		{2A3C5F67-9376-4B50-B060-F2E027D95B19}.Release|Any CPU.ActiveCfg = Release|Any CPU
		{2A3C5F67-9376-4B50-B060-F2E027D95B19}.Release|Any CPU.Build.0 = Release|Any CPU
		{58E62F53-FAD5-4A00-8C73-9CD9106F994F}.Debug|Any CPU.ActiveCfg = Debug|Any CPU
		{58E62F53-FAD5-4A00-8C73-9CD9106F994F}.Debug|Any CPU.Build.0 = Debug|Any CPU
		{58E62F53-FAD5-4A00-8C73-9CD9106F994F}.Release|Any CPU.ActiveCfg = Release|Any CPU
		{58E62F53-FAD5-4A00-8C73-9CD9106F994F}.Release|Any CPU.Build.0 = Release|Any CPU
		{BB8D093C-2039-41E0-A73E-5E6971CCBA39}.Debug|Any CPU.ActiveCfg = Debug|Any CPU
		{BB8D093C-2039-41E0-A73E-5E6971CCBA39}.Debug|Any CPU.Build.0 = Debug|Any CPU
		{BB8D093C-2039-41E0-A73E-5E6971CCBA39}.Release|Any CPU.ActiveCfg = Release|Any CPU
		{BB8D093C-2039-41E0-A73E-5E6971CCBA39}.Release|Any CPU.Build.0 = Release|Any CPU
	EndGlobalSection
	GlobalSection(SolutionProperties) = preSolution
		HideSolutionNode = FALSE
	EndGlobalSection
	GlobalSection(ExtensibilityGlobals) = postSolution
		SolutionGuid = {7F43487D-6169-4CF7-9157-3BCDFB9EE55F}
	EndGlobalSection
EndGlobal
